lockfileVersion: '9.0'

settings:
  autoInstallPeers: true
  excludeLinksFromLockfile: false

importers:

  .:
    dependencies:
      markdown-it-html5-embed:
        specifier: ^1.0.0
        version: 1.0.0
      markdown-it-mark:
        specifier: ^3.0.1
        version: 3.0.1
      markdown-it-multimd-table:
        specifier: ^4.2.0
        version: 4.2.3
      markdown-it-sub:
        specifier: ^1.0.0
        version: 1.0.0
      markdown-it-sup:
        specifier: ^1.0.0
        version: 1.0.0
      markdown-it-task-lists:
        specifier: ^2.1.1
        version: 2.1.1
      markdown-it-underline:
        specifier: ^1.0.1
        version: 1.0.1

packages:

  argparse@1.0.10:
    resolution: {integrity: sha512-o5Roy6tNG4SL/FOkCAN6RzjiakZS25RLYFrcMttJqbdd8BWrnA+fGz57iN5Pb06pvBGvl5gQ0B48dJlslXvoTg==}

  entities@1.1.2:
    resolution: {integrity: sha512-f2LZMYl1Fzu7YSBKg+RoROelpOaNrcGmE9AZubeDfrCEia483oW4MI4VyFd5VNHIgQ/7qm1I0wUHK1eJnn2y2w==}

  linkify-it@2.2.0:
    resolution: {integrity: sha512-GnAl/knGn+i1U/wjBz3akz2stz+HrHLsxMwHQGofCDfPvlf+gDKN58UtfmUquTY4/MXeE2x7k19KQmeoZi94Iw==}

  markdown-it-html5-embed@1.0.0:
    resolution: {integrity: sha512-SPgugO/1+/9sZcgxoxijoTHSUpCUgFCNe1MSuTmDxDkV6NQrVzMclhRMFgE/rcHO+2rhIg3U7Oy80XA/E8ytpg==}

  markdown-it-mark@3.0.1:
    resolution: {integrity: sha512-HyxjAu6BRsdt6Xcv6TKVQnkz/E70TdGXEFHRYBGLncRE9lBFwDNLVtFojKxjJWgJ+5XxUwLaHXy+2sGBbDn+4A==}

  markdown-it-multimd-table@4.2.3:
    resolution: {integrity: sha512-KepCr2OMJqm7IT6sOIbuqHGe+NERhgy66XMrc5lo6dHW7oaPzMDtYwR1EGwK16/blb6mCSg4jqityOe0o/H7HA==}

  markdown-it-sub@1.0.0:
    resolution: {integrity: sha512-z2Rm/LzEE1wzwTSDrI+FlPEveAAbgdAdPhdWarq/ZGJrGW/uCQbKAnhoCsE4hAbc3SEym26+W2z/VQB0cQiA9Q==}

  markdown-it-sup@1.0.0:
    resolution: {integrity: sha512-E32m0nV9iyhRR7CrhnzL5msqic7rL1juWre6TQNxsnApg7Uf+F97JOKxUijg5YwXz86lZ0mqfOnutoryyNdntQ==}

  markdown-it-task-lists@2.1.1:
    resolution: {integrity: sha512-TxFAc76Jnhb2OUu+n3yz9RMu4CwGfaT788br6HhEDlvWfdeJcLUsxk1Hgw2yJio0OXsxv7pyIPmvECY7bMbluA==}

  markdown-it-underline@1.0.1:
    resolution: {integrity: sha512-J597ni39vPHIH1ONVZoDvQKUUXkOqoB93bm6Fc/5Deu6XaWMXrT0xf2m2r9qZCA8dncWJ5V8d5PyGkpmQuy/vg==}

  markdown-it@8.4.2:
    resolution: {integrity: sha512-GcRz3AWTqSUphY3vsUqQSFMbgR38a4Lh3GWlHRh/7MRwz8mcu9n2IO7HOh+bXHrR9kOPDl5RNCaEsrneb+xhHQ==}
    hasBin: true

  mdurl@1.0.1:
    resolution: {integrity: sha512-/sKlQJCBYVY9Ers9hqzKou4H6V5UWc/M59TH2dvkt+84itfnq7uFOMLpOiOS4ujvHP4etln18fmIxA5R5fll0g==}

  mime-db@1.54.0:
    resolution: {integrity: sha512-aU5EJuIN2WDemCcAp2vFBfp/m4EAhWJnUNSSw0ixs7/kXbd6Pg64EmwJkNdFhB8aWt1sH2CTXrLxo/iAGV3oPQ==}
    engines: {node: '>= 0.6'}

  mimoza@1.0.0:
    resolution: {integrity: sha512-+j7SSye/hablu66K/jjeyPmk6WL8RoXfeZ+MMn37vSNDGuaWY/5wm10LpSpxAHX4kNoEwkTWYHba8ePVip+Hqg==}

  sprintf-js@1.0.3:
    resolution: {integrity: sha512-D9cPgkvLlV3t3IzL0D0YLvGA9Ahk4PcvVwUbN0dSGr1aP0Nrt4AEnTUbuGvquEC0mA64Gqt1fzirlRs5ibXx8g==}

  uc.micro@1.0.6:
    resolution: {integrity: sha512-8Y75pvTYkLJW2hWQHXxoqRgV7qb9B+9vFEtidML+7koHUFapnVJAZ6cKs+Qjz5Aw3aZWHMC6u0wJE3At+nSGwA==}

snapshots:

  argparse@1.0.10:
    dependencies:
      sprintf-js: 1.0.3

  entities@1.1.2: {}

  linkify-it@2.2.0:
    dependencies:
      uc.micro: 1.0.6

  markdown-it-html5-embed@1.0.0:
    dependencies:
      markdown-it: 8.4.2
      mimoza: 1.0.0

  markdown-it-mark@3.0.1: {}

  markdown-it-multimd-table@4.2.3: {}

  markdown-it-sub@1.0.0: {}

  markdown-it-sup@1.0.0: {}

  markdown-it-task-lists@2.1.1: {}

  markdown-it-underline@1.0.1: {}

  markdown-it@8.4.2:
    dependencies:
      argparse: 1.0.10
      entities: 1.1.2
      linkify-it: 2.2.0
      mdurl: 1.0.1
      uc.micro: 1.0.6

  mdurl@1.0.1: {}

  mime-db@1.54.0: {}

  mimoza@1.0.0:
    dependencies:
      mime-db: 1.54.0

  sprintf-js@1.0.3: {}

  uc.micro@1.0.6: {}
